
Microsoft Visual Studio Solution File, Format Version 12.00
# Visual Studio Version 17
VisualStudioVersion = 17.0.31903.59
MinimumVisualStudioVersion = 10.0.40219.1
Project("{2150E333-8FDC-42A3-9474-1A3956D46DE8}") = "src", "src", "{C43BC19F-F089-42B2-980D-3279434AD4C9}"
EndProject
Project("{FAE04EC0-301F-11D3-BF4B-00C04F79EFBC}") = "IncidentMonitor.API", "src\IncidentMonitor.API\IncidentMonitor.API.csproj", "{3936EAFA-7483-4ACF-8427-E46B8DF8B08B}"
EndProject
Project("{FAE04EC0-301F-11D3-BF4B-00C04F79EFBC}") = "IncidentMonitor.Application", "src\IncidentMonitor.Application\IncidentMonitor.Application.csproj", "{61317D87-4771-4DFA-AB2C-B7087154E1F3}"
EndProject
Project("{FAE04EC0-301F-11D3-BF4B-00C04F79EFBC}") = "IncidentMonitor.Domain", "src\IncidentMonitor.Domain\IncidentMonitor.Domain.csproj", "{58278908-6CD1-4652-8654-5B0365EAA032}"
EndProject
Project("{FAE04EC0-301F-11D3-BF4B-00C04F79EFBC}") = "IncidentMonitor.Infrastructure", "src\IncidentMonitor.Infrastructure\IncidentMonitor.Infrastructure.csproj", "{86FA94EC-6EE6-4DF5-BBFD-80DC2053E148}"
EndProject
Project("{FAE04EC0-301F-11D3-BF4B-00C04F79EFBC}") = "IncidentMonitor.Worker", "src\IncidentMonitor.Worker\IncidentMonitor.Worker.csproj", "{0F185398-3B7B-41D4-A810-D5D1F1E25E65}"
EndProject
Global
	GlobalSection(SolutionConfigurationPlatforms) = preSolution
		Debug|Any CPU = Debug|Any CPU
		Release|Any CPU = Release|Any CPU
	EndGlobalSection
	GlobalSection(SolutionProperties) = preSolution
		HideSolutionNode = FALSE
	EndGlobalSection
	GlobalSection(ProjectConfigurationPlatforms) = postSolution
		{3936EAFA-7483-4ACF-8427-E46B8DF8B08B}.Debug|Any CPU.ActiveCfg = Debug|Any CPU
		{3936EAFA-7483-4ACF-8427-E46B8DF8B08B}.Debug|Any CPU.Build.0 = Debug|Any CPU
		{3936EAFA-7483-4ACF-8427-E46B8DF8B08B}.Release|Any CPU.ActiveCfg = Release|Any CPU
		{3936EAFA-7483-4ACF-8427-E46B8DF8B08B}.Release|Any CPU.Build.0 = Release|Any CPU
		{61317D87-4771-4DFA-AB2C-B7087154E1F3}.Debug|Any CPU.ActiveCfg = Debug|Any CPU
		{61317D87-4771-4DFA-AB2C-B7087154E1F3}.Debug|Any CPU.Build.0 = Debug|Any CPU
		{61317D87-4771-4DFA-AB2C-B7087154E1F3}.Release|Any CPU.ActiveCfg = Release|Any CPU
		{61317D87-4771-4DFA-AB2C-B7087154E1F3}.Release|Any CPU.Build.0 = Release|Any CPU
		{58278908-6CD1-4652-8654-5B0365EAA032}.Debug|Any CPU.ActiveCfg = Debug|Any CPU
		{58278908-6CD1-4652-8654-5B0365EAA032}.Debug|Any CPU.Build.0 = Debug|Any CPU
		{58278908-6CD1-4652-8654-5B0365EAA032}.Release|Any CPU.ActiveCfg = Release|Any CPU
		{58278908-6CD1-4652-8654-5B0365EAA032}.Release|Any CPU.Build.0 = Release|Any CPU
		{86FA94EC-6EE6-4DF5-BBFD-80DC2053E148}.Debug|Any CPU.ActiveCfg = Debug|Any CPU
		{86FA94EC-6EE6-4DF5-BBFD-80DC2053E148}.Debug|Any CPU.Build.0 = Debug|Any CPU
		{86FA94EC-6EE6-4DF5-BBFD-80DC2053E148}.Release|Any CPU.ActiveCfg = Release|Any CPU
		{86FA94EC-6EE6-4DF5-BBFD-80DC2053E148}.Release|Any CPU.Build.0 = Release|Any CPU
		{0F185398-3B7B-41D4-A810-D5D1F1E25E65}.Debug|Any CPU.ActiveCfg = Debug|Any CPU
		{0F185398-3B7B-41D4-A810-D5D1F1E25E65}.Debug|Any CPU.Build.0 = Debug|Any CPU
		{0F185398-3B7B-41D4-A810-D5D1F1E25E65}.Release|Any CPU.ActiveCfg = Release|Any CPU
		{0F185398-3B7B-41D4-A810-D5D1F1E25E65}.Release|Any CPU.Build.0 = Release|Any CPU
	EndGlobalSection
	GlobalSection(NestedProjects) = preSolution
		{3936EAFA-7483-4ACF-8427-E46B8DF8B08B} = {C43BC19F-F089-42B2-980D-3279434AD4C9}
		{61317D87-4771-4DFA-AB2C-B7087154E1F3} = {C43BC19F-F089-42B2-980D-3279434AD4C9}
		{58278908-6CD1-4652-8654-5B0365EAA032} = {C43BC19F-F089-42B2-980D-3279434AD4C9}
		{86FA94EC-6EE6-4DF5-BBFD-80DC2053E148} = {C43BC19F-F089-42B2-980D-3279434AD4C9}
		{0F185398-3B7B-41D4-A810-D5D1F1E25E65} = {C43BC19F-F089-42B2-980D-3279434AD4C9}
	EndGlobalSection
EndGlobal
